
Microsoft Visual Studio Solution File, Format Version 12.00
# Visual Studio 15
VisualStudioVersion = 15.0.28307.421
MinimumVisualStudioVersion = 10.0.40219.1
Project("{FAE04EC0-301F-11D3-BF4B-00C04F79EFBC}") = "MemeGenerator", "MemeGenerator\MemeGenerator.csproj", "{AC367110-DB7F-4FC1-9930-76DE35DB50D1}"
EndProject
Project("{FAE04EC0-301F-11D3-BF4B-00C04F79EFBC}") = "MemeGenerator.Tests", "MemeGenerator.Tests\MemeGenerator.Tests.csproj", "{D34CF42E-7B3E-4611-8D9A-13CCD56B97B9}"
EndProject
Global
	GlobalSection(SolutionConfigurationPlatforms) = preSolution
		Debug|Any CPU = Debug|Any CPU
		Release|Any CPU = Release|Any CPU
	EndGlobalSection
	GlobalSection(ProjectConfigurationPlatforms) = postSolution
		{AC367110-DB7F-4FC1-9930-76DE35DB50D1}.Debug|Any CPU.ActiveCfg = Debug|Any CPU
		{AC367110-DB7F-4FC1-9930-76DE35DB50D1}.Debug|Any CPU.Build.0 = Debug|Any CPU
		{AC367110-DB7F-4FC1-9930-76DE35DB50D1}.Release|Any CPU.ActiveCfg = Release|Any CPU
		{AC367110-DB7F-4FC1-9930-76DE35DB50D1}.Release|Any CPU.Build.0 = Release|Any CPU
		{D34CF42E-7B3E-4611-8D9A-13CCD56B97B9}.Debug|Any CPU.ActiveCfg = Debug|Any CPU
		{D34CF42E-7B3E-4611-8D9A-13CCD56B97B9}.Debug|Any CPU.Build.0 = Debug|Any CPU
		{D34CF42E-7B3E-4611-8D9A-13CCD56B97B9}.Release|Any CPU.ActiveCfg = Release|Any CPU
		{D34CF42E-7B3E-4611-8D9A-13CCD56B97B9}.Release|Any CPU.Build.0 = Release|Any CPU
	EndGlobalSection
	GlobalSection(SolutionProperties) = preSolution
		HideSolutionNode = FALSE
	EndGlobalSection
	GlobalSection(ExtensibilityGlobals) = postSolution
		SolutionGuid = {551ECA95-2447-46D1-BBAC-4A7DD399FE62}
	EndGlobalSection
EndGlobal
